# This file was autogenerated by Stack.
# You should not edit this file by hand.
# For more information, please see the documentation at:
#   https://docs.haskellstack.org/en/stable/lock_files

packages: []
snapshots:
- completed:
    sha256: e0665b6096ae42229053ff678d12ede7078a6e72ac479c4ac7eda025c83a5caa
    size: 643193
    url: https://raw.githubusercontent.com/commercialhaskell/stackage-snapshots/master/nightly/2022/9/30.yaml
  original: nightly-2022-09-30
